// !$*UTF8*$!
{
	archiveVersion = 1;
	classes = {
	};
	objectVersion = 55;
	objects = {

/* Begin PBXBuildFile section */
		534C69DD2B58FFEB00743BA7 /* RMGetAllCharactersResponse.swift in Sources */ = {isa = PBXBuildFile; fileRef = 534C69DC2B58FFEB00743BA7 /* RMGetAllCharactersResponse.swift */; };
		534C69DF2B5C1C7900743BA7 /* CharacterListViewVewModel.swift in Sources */ = {isa = PBXBuildFile; fileRef = 534C69DE2B5C1C7900743BA7 /* CharacterListViewVewModel.swift */; };
		534C69E12B5C1DE100743BA7 /* CharacterListView.swift in Sources */ = {isa = PBXBuildFile; fileRef = 534C69E02B5C1DE100743BA7 /* CharacterListView.swift */; };
		534C69E32B5D9E8C00743BA7 /* RMCharacterCollectionViewCell.swift in Sources */ = {isa = PBXBuildFile; fileRef = 534C69E22B5D9E8C00743BA7 /* RMCharacterCollectionViewCell.swift */; };
		534C69E52B5DA1B100743BA7 /* RMCharacterCollectionViewCellViewModel.swift in Sources */ = {isa = PBXBuildFile; fileRef = 534C69E42B5DA1B100743BA7 /* RMCharacterCollectionViewCellViewModel.swift */; };
		5361995F2B20483000EF9CDE /* RMService.swift in Sources */ = {isa = PBXBuildFile; fileRef = 5361995E2B20483000EF9CDE /* RMService.swift */; };
		536199612B20484E00EF9CDE /* RMRequest.swift in Sources */ = {isa = PBXBuildFile; fileRef = 536199602B20484D00EF9CDE /* RMRequest.swift */; };
		536199632B20486E00EF9CDE /* RMEndpoint.swift in Sources */ = {isa = PBXBuildFile; fileRef = 536199622B20486E00EF9CDE /* RMEndpoint.swift */; };
		536199652B20535900EF9CDE /* RMOrigin.swift in Sources */ = {isa = PBXBuildFile; fileRef = 536199642B20535900EF9CDE /* RMOrigin.swift */; };
		536199672B2053E300EF9CDE /* RMCharacterLocation.swift in Sources */ = {isa = PBXBuildFile; fileRef = 536199662B2053E300EF9CDE /* RMCharacterLocation.swift */; };
		536199692B21A26700EF9CDE /* RMTypealias.swift in Sources */ = {isa = PBXBuildFile; fileRef = 536199682B21A26700EF9CDE /* RMTypealias.swift */; };
		53DD667D2B19B45800495DA3 /* AppDelegate.swift in Sources */ = {isa = PBXBuildFile; fileRef = 53DD667C2B19B45800495DA3 /* AppDelegate.swift */; };
		53DD667F2B19B45800495DA3 /* SceneDelegate.swift in Sources */ = {isa = PBXBuildFile; fileRef = 53DD667E2B19B45800495DA3 /* SceneDelegate.swift */; };
		53DD66812B19B45800495DA3 /* RMTabViewController.swift in Sources */ = {isa = PBXBuildFile; fileRef = 53DD66802B19B45800495DA3 /* RMTabViewController.swift */; };
		53DD66872B19B45800495DA3 /* RickMorthy.xcdatamodeld in Sources */ = {isa = PBXBuildFile; fileRef = 53DD66852B19B45800495DA3 /* RickMorthy.xcdatamodeld */; };
		53DD66892B19B46000495DA3 /* Assets.xcassets in Resources */ = {isa = PBXBuildFile; fileRef = 53DD66882B19B46000495DA3 /* Assets.xcassets */; };
		53DD668C2B19B46000495DA3 /* LaunchScreen.storyboard in Resources */ = {isa = PBXBuildFile; fileRef = 53DD668A2B19B46000495DA3 /* LaunchScreen.storyboard */; };
		53DD669B2B19B86900495DA3 /* RMLocation.swift in Sources */ = {isa = PBXBuildFile; fileRef = 53DD669A2B19B86900495DA3 /* RMLocation.swift */; };
		53DD669D2B19B88D00495DA3 /* RMCharacter.swift in Sources */ = {isa = PBXBuildFile; fileRef = 53DD669C2B19B88D00495DA3 /* RMCharacter.swift */; };
		53DD669F2B19B8AA00495DA3 /* RMEpisode.swift in Sources */ = {isa = PBXBuildFile; fileRef = 53DD669E2B19B8AA00495DA3 /* RMEpisode.swift */; };
		53DD66A32B19B9ED00495DA3 /* RMCharacterViewController.swift in Sources */ = {isa = PBXBuildFile; fileRef = 53DD66A22B19B9ED00495DA3 /* RMCharacterViewController.swift */; };
		53DD66A52B19BA2100495DA3 /* RMLocationViewController.swift in Sources */ = {isa = PBXBuildFile; fileRef = 53DD66A42B19BA2100495DA3 /* RMLocationViewController.swift */; };
		53DD66A82B19BA4F00495DA3 /* RMEpisodesViewController.swift in Sources */ = {isa = PBXBuildFile; fileRef = 53DD66A72B19BA4F00495DA3 /* RMEpisodesViewController.swift */; };
		53DD66AA2B19BA7D00495DA3 /* RMSettingsViewController.swift in Sources */ = {isa = PBXBuildFile; fileRef = 53DD66A92B19BA7D00495DA3 /* RMSettingsViewController.swift */; };
/* End PBXBuildFile section */

/* Begin PBXFileReference section */
		534C69DC2B58FFEB00743BA7 /* RMGetAllCharactersResponse.swift */ = {isa = PBXFileReference; lastKnownFileType = sourcecode.swift; path = RMGetAllCharactersResponse.swift; sourceTree = "<group>"; };
		534C69DE2B5C1C7900743BA7 /* CharacterListViewVewModel.swift */ = {isa = PBXFileReference; lastKnownFileType = sourcecode.swift; path = CharacterListViewVewModel.swift; sourceTree = "<group>"; };
		534C69E02B5C1DE100743BA7 /* CharacterListView.swift */ = {isa = PBXFileReference; lastKnownFileType = sourcecode.swift; path = CharacterListView.swift; sourceTree = "<group>"; };
		534C69E22B5D9E8C00743BA7 /* RMCharacterCollectionViewCell.swift */ = {isa = PBXFileReference; lastKnownFileType = sourcecode.swift; path = RMCharacterCollectionViewCell.swift; sourceTree = "<group>"; };
		534C69E42B5DA1B100743BA7 /* RMCharacterCollectionViewCellViewModel.swift */ = {isa = PBXFileReference; lastKnownFileType = sourcecode.swift; path = RMCharacterCollectionViewCellViewModel.swift; sourceTree = "<group>"; };
		5361995E2B20483000EF9CDE /* RMService.swift */ = {isa = PBXFileReference; lastKnownFileType = sourcecode.swift; path = RMService.swift; sourceTree = "<group>"; };
		536199602B20484D00EF9CDE /* RMRequest.swift */ = {isa = PBXFileReference; lastKnownFileType = sourcecode.swift; path = RMRequest.swift; sourceTree = "<group>"; };
		536199622B20486E00EF9CDE /* RMEndpoint.swift */ = {isa = PBXFileReference; lastKnownFileType = sourcecode.swift; path = RMEndpoint.swift; sourceTree = "<group>"; };
		536199642B20535900EF9CDE /* RMOrigin.swift */ = {isa = PBXFileReference; lastKnownFileType = sourcecode.swift; path = RMOrigin.swift; sourceTree = "<group>"; };
		536199662B2053E300EF9CDE /* RMCharacterLocation.swift */ = {isa = PBXFileReference; lastKnownFileType = sourcecode.swift; path = RMCharacterLocation.swift; sourceTree = "<group>"; };
		536199682B21A26700EF9CDE /* RMTypealias.swift */ = {isa = PBXFileReference; lastKnownFileType = sourcecode.swift; path = RMTypealias.swift; sourceTree = "<group>"; };
		53DD66792B19B45800495DA3 /* RickMorthy.app */ = {isa = PBXFileReference; explicitFileType = wrapper.application; includeInIndex = 0; path = RickMorthy.app; sourceTree = BUILT_PRODUCTS_DIR; };
		53DD667C2B19B45800495DA3 /* AppDelegate.swift */ = {isa = PBXFileReference; lastKnownFileType = sourcecode.swift; path = AppDelegate.swift; sourceTree = "<group>"; };
		53DD667E2B19B45800495DA3 /* SceneDelegate.swift */ = {isa = PBXFileReference; lastKnownFileType = sourcecode.swift; path = SceneDelegate.swift; sourceTree = "<group>"; };
		53DD66802B19B45800495DA3 /* RMTabViewController.swift */ = {isa = PBXFileReference; lastKnownFileType = sourcecode.swift; path = RMTabViewController.swift; sourceTree = "<group>"; };
		53DD66862B19B45800495DA3 /* RickMorthy.xcdatamodel */ = {isa = PBXFileReference; lastKnownFileType = wrapper.xcdatamodel; path = RickMorthy.xcdatamodel; sourceTree = "<group>"; };
		53DD66882B19B46000495DA3 /* Assets.xcassets */ = {isa = PBXFileReference; lastKnownFileType = folder.assetcatalog; path = Assets.xcassets; sourceTree = "<group>"; };
		53DD668B2B19B46000495DA3 /* Base */ = {isa = PBXFileReference; lastKnownFileType = file.storyboard; name = Base; path = Base.lproj/LaunchScreen.storyboard; sourceTree = "<group>"; };
		53DD668D2B19B46000495DA3 /* Info.plist */ = {isa = PBXFileReference; lastKnownFileType = text.plist.xml; path = Info.plist; sourceTree = "<group>"; };
		53DD669A2B19B86900495DA3 /* RMLocation.swift */ = {isa = PBXFileReference; lastKnownFileType = sourcecode.swift; path = RMLocation.swift; sourceTree = "<group>"; };
		53DD669C2B19B88D00495DA3 /* RMCharacter.swift */ = {isa = PBXFileReference; lastKnownFileType = sourcecode.swift; path = RMCharacter.swift; sourceTree = "<group>"; };
		53DD669E2B19B8AA00495DA3 /* RMEpisode.swift */ = {isa = PBXFileReference; lastKnownFileType = sourcecode.swift; path = RMEpisode.swift; sourceTree = "<group>"; };
		53DD66A22B19B9ED00495DA3 /* RMCharacterViewController.swift */ = {isa = PBXFileReference; lastKnownFileType = sourcecode.swift; path = RMCharacterViewController.swift; sourceTree = "<group>"; };
		53DD66A42B19BA2100495DA3 /* RMLocationViewController.swift */ = {isa = PBXFileReference; lastKnownFileType = sourcecode.swift; path = RMLocationViewController.swift; sourceTree = "<group>"; };
		53DD66A72B19BA4F00495DA3 /* RMEpisodesViewController.swift */ = {isa = PBXFileReference; lastKnownFileType = sourcecode.swift; path = RMEpisodesViewController.swift; sourceTree = "<group>"; };
		53DD66A92B19BA7D00495DA3 /* RMSettingsViewController.swift */ = {isa = PBXFileReference; lastKnownFileType = sourcecode.swift; path = RMSettingsViewController.swift; sourceTree = "<group>"; };
/* End PBXFileReference section */

/* Begin PBXFrameworksBuildPhase section */
		53DD66762B19B45800495DA3 /* Frameworks */ = {
			isa = PBXFrameworksBuildPhase;
			buildActionMask = 2147483647;
			files = (
			);
			runOnlyForDeploymentPostprocessing = 0;
		};
/* End PBXFrameworksBuildPhase section */

/* Begin PBXGroup section */
		534C69DA2B58FF6D00743BA7 /* DataTypes */ = {
			isa = PBXGroup;
			children = (
				53DD669A2B19B86900495DA3 /* RMLocation.swift */,
				536199682B21A26700EF9CDE /* RMTypealias.swift */,
				53DD669C2B19B88D00495DA3 /* RMCharacter.swift */,
				536199662B2053E300EF9CDE /* RMCharacterLocation.swift */,
				53DD669E2B19B8AA00495DA3 /* RMEpisode.swift */,
				536199642B20535900EF9CDE /* RMOrigin.swift */,
			);
			path = DataTypes;
			sourceTree = "<group>";
		};
		534C69DB2B58FF9300743BA7 /* APIResponseTypes */ = {
			isa = PBXGroup;
			children = (
				534C69DC2B58FFEB00743BA7 /* RMGetAllCharactersResponse.swift */,
			);
			path = APIResponseTypes;
			sourceTree = "<group>";
		};
		53DD66702B19B45700495DA3 = {
			isa = PBXGroup;
			children = (
				53DD667B2B19B45800495DA3 /* RickMorthy */,
				53DD667A2B19B45800495DA3 /* Products */,
			);
			sourceTree = "<group>";
		};
		53DD667A2B19B45800495DA3 /* Products */ = {
			isa = PBXGroup;
			children = (
				53DD66792B19B45800495DA3 /* RickMorthy.app */,
			);
			name = Products;
			sourceTree = "<group>";
		};
		53DD667B2B19B45800495DA3 /* RickMorthy */ = {
			isa = PBXGroup;
			children = (
				53DD66992B19B6F900495DA3 /* Resources */,
				53DD66982B19B6E800495DA3 /* Managers */,
				53DD66972B19B6D300495DA3 /* APIClient */,
				53DD66962B19B6C000495DA3 /* ViewModels */,
				53DD66952B19B6B700495DA3 /* Views */,
				53DD66942B19B6A400495DA3 /* Models */,
				53DD66932B19B69000495DA3 /* Controllers */,
				53DD668D2B19B46000495DA3 /* Info.plist */,
				53DD66852B19B45800495DA3 /* RickMorthy.xcdatamodeld */,
			);
			path = RickMorthy;
			sourceTree = "<group>";
		};
		53DD66932B19B69000495DA3 /* Controllers */ = {
			isa = PBXGroup;
			children = (
				53DD66A02B19B92A00495DA3 /* Core */,
			);
			path = Controllers;
			sourceTree = "<group>";
		};
		53DD66942B19B6A400495DA3 /* Models */ = {
			isa = PBXGroup;
			children = (
				534C69DB2B58FF9300743BA7 /* APIResponseTypes */,
				534C69DA2B58FF6D00743BA7 /* DataTypes */,
			);
			path = Models;
			sourceTree = "<group>";
		};
		53DD66952B19B6B700495DA3 /* Views */ = {
			isa = PBXGroup;
			children = (
				534C69E02B5C1DE100743BA7 /* CharacterListView.swift */,
				534C69E22B5D9E8C00743BA7 /* RMCharacterCollectionViewCell.swift */,
			);
			path = Views;
			sourceTree = "<group>";
		};
		53DD66962B19B6C000495DA3 /* ViewModels */ = {
			isa = PBXGroup;
			children = (
				534C69DE2B5C1C7900743BA7 /* CharacterListViewVewModel.swift */,
				534C69E42B5DA1B100743BA7 /* RMCharacterCollectionViewCellViewModel.swift */,
			);
			path = ViewModels;
			sourceTree = "<group>";
		};
		53DD66972B19B6D300495DA3 /* APIClient */ = {
			isa = PBXGroup;
			children = (
				5361995E2B20483000EF9CDE /* RMService.swift */,
				536199602B20484D00EF9CDE /* RMRequest.swift */,
				536199622B20486E00EF9CDE /* RMEndpoint.swift */,
			);
			path = APIClient;
			sourceTree = "<group>";
		};
		53DD66982B19B6E800495DA3 /* Managers */ = {
			isa = PBXGroup;
			children = (
			);
			path = Managers;
			sourceTree = "<group>";
		};
		53DD66992B19B6F900495DA3 /* Resources */ = {
			isa = PBXGroup;
			children = (
				53DD667C2B19B45800495DA3 /* AppDelegate.swift */,
				53DD667E2B19B45800495DA3 /* SceneDelegate.swift */,
				53DD66882B19B46000495DA3 /* Assets.xcassets */,
				53DD668A2B19B46000495DA3 /* LaunchScreen.storyboard */,
			);
			path = Resources;
			sourceTree = "<group>";
		};
		53DD66A02B19B92A00495DA3 /* Core */ = {
			isa = PBXGroup;
			children = (
				53DD66802B19B45800495DA3 /* RMTabViewController.swift */,
				53DD66A22B19B9ED00495DA3 /* RMCharacterViewController.swift */,
				53DD66A42B19BA2100495DA3 /* RMLocationViewController.swift */,
				53DD66A72B19BA4F00495DA3 /* RMEpisodesViewController.swift */,
				53DD66A92B19BA7D00495DA3 /* RMSettingsViewController.swift */,
			);
			path = Core;
			sourceTree = "<group>";
		};
/* End PBXGroup section */

/* Begin PBXNativeTarget section */
		53DD66782B19B45800495DA3 /* RickMorthy */ = {
			isa = PBXNativeTarget;
			buildConfigurationList = 53DD66902B19B46000495DA3 /* Build configuration list for PBXNativeTarget "RickMorthy" */;
			buildPhases = (
				53DD66752B19B45800495DA3 /* Sources */,
				53DD66762B19B45800495DA3 /* Frameworks */,
				53DD66772B19B45800495DA3 /* Resources */,
			);
			buildRules = (
			);
			dependencies = (
			);
			name = RickMorthy;
			productName = RickMorthy;
			productReference = 53DD66792B19B45800495DA3 /* RickMorthy.app */;
			productType = "com.apple.product-type.application";
		};
/* End PBXNativeTarget section */

/* Begin PBXProject section */
		53DD66712B19B45700495DA3 /* Project object */ = {
			isa = PBXProject;
			attributes = {
				BuildIndependentTargetsInParallel = 1;
				LastSwiftUpdateCheck = 1320;
				LastUpgradeCheck = 1520;
				TargetAttributes = {
					53DD66782B19B45800495DA3 = {
						CreatedOnToolsVersion = 13.2.1;
					};
				};
			};
			buildConfigurationList = 53DD66742B19B45700495DA3 /* Build configuration list for PBXProject "RickMorthy" */;
			compatibilityVersion = "Xcode 13.0";
			developmentRegion = en;
			hasScannedForEncodings = 0;
			knownRegions = (
				en,
				Base,
			);
			mainGroup = 53DD66702B19B45700495DA3;
			productRefGroup = 53DD667A2B19B45800495DA3 /* Products */;
			projectDirPath = "";
			projectRoot = "";
			targets = (
				53DD66782B19B45800495DA3 /* RickMorthy */,
			);
		};
/* End PBXProject section */

/* Begin PBXResourcesBuildPhase section */
		53DD66772B19B45800495DA3 /* Resources */ = {
			isa = PBXResourcesBuildPhase;
			buildActionMask = 2147483647;
			files = (
				53DD668C2B19B46000495DA3 /* LaunchScreen.storyboard in Resources */,
				53DD66892B19B46000495DA3 /* Assets.xcassets in Resources */,
			);
			runOnlyForDeploymentPostprocessing = 0;
		};
/* End PBXResourcesBuildPhase section */

/* Begin PBXSourcesBuildPhase section */
		53DD66752B19B45800495DA3 /* Sources */ = {
			isa = PBXSourcesBuildPhase;
			buildActionMask = 2147483647;
			files = (
				534C69DF2B5C1C7900743BA7 /* CharacterListViewVewModel.swift in Sources */,
				53DD66A52B19BA2100495DA3 /* RMLocationViewController.swift in Sources */,
				534C69E52B5DA1B100743BA7 /* RMCharacterCollectionViewCellViewModel.swift in Sources */,
				53DD669D2B19B88D00495DA3 /* RMCharacter.swift in Sources */,
				534C69DD2B58FFEB00743BA7 /* RMGetAllCharactersResponse.swift in Sources */,
				5361995F2B20483000EF9CDE /* RMService.swift in Sources */,
				53DD66812B19B45800495DA3 /* RMTabViewController.swift in Sources */,
				53DD66A82B19BA4F00495DA3 /* RMEpisodesViewController.swift in Sources */,
				536199632B20486E00EF9CDE /* RMEndpoint.swift in Sources */,
				53DD669F2B19B8AA00495DA3 /* RMEpisode.swift in Sources */,
				534C69E12B5C1DE100743BA7 /* CharacterListView.swift in Sources */,
				536199612B20484E00EF9CDE /* RMRequest.swift in Sources */,
				53DD66AA2B19BA7D00495DA3 /* RMSettingsViewController.swift in Sources */,
				536199672B2053E300EF9CDE /* RMCharacterLocation.swift in Sources */,
				53DD667D2B19B45800495DA3 /* AppDelegate.swift in Sources */,
				536199692B21A26700EF9CDE /* RMTypealias.swift in Sources */,
				53DD669B2B19B86900495DA3 /* RMLocation.swift in Sources */,
				53DD66A32B19B9ED00495DA3 /* RMCharacterViewController.swift in Sources */,
				534C69E32B5D9E8C00743BA7 /* RMCharacterCollectionViewCell.swift in Sources */,
				53DD667F2B19B45800495DA3 /* SceneDelegate.swift in Sources */,
				536199652B20535900EF9CDE /* RMOrigin.swift in Sources */,
				53DD66872B19B45800495DA3 /* RickMorthy.xcdatamodeld in Sources */,
			);
			runOnlyForDeploymentPostprocessing = 0;
		};
/* End PBXSourcesBuildPhase section */

/* Begin PBXVariantGroup section */
		53DD668A2B19B46000495DA3 /* LaunchScreen.storyboard */ = {
			isa = PBXVariantGroup;
			children = (
				53DD668B2B19B46000495DA3 /* Base */,
			);
			name = LaunchScreen.storyboard;
			sourceTree = "<group>";
		};
/* End PBXVariantGroup section */

/* Begin XCBuildConfiguration section */
		53DD668E2B19B46000495DA3 /* Debug */ = {
			isa = XCBuildConfiguration;
			buildSettings = {
				ALWAYS_SEARCH_USER_PATHS = NO;
				CLANG_ANALYZER_NONNULL = YES;
				CLANG_ANALYZER_NUMBER_OBJECT_CONVERSION = YES_AGGRESSIVE;
				CLANG_CXX_LANGUAGE_STANDARD = "gnu++17";
				CLANG_CXX_LIBRARY = "libc++";
				CLANG_ENABLE_MODULES = YES;
				CLANG_ENABLE_OBJC_ARC = YES;
				CLANG_ENABLE_OBJC_WEAK = YES;
				CLANG_WARN_BLOCK_CAPTURE_AUTORELEASING = YES;
				CLANG_WARN_BOOL_CONVERSION = YES;
				CLANG_WARN_COMMA = YES;
				CLANG_WARN_CONSTANT_CONVERSION = YES;
				CLANG_WARN_DEPRECATED_OBJC_IMPLEMENTATIONS = YES;
				CLANG_WARN_DIRECT_OBJC_ISA_USAGE = YES_ERROR;
				CLANG_WARN_DOCUMENTATION_COMMENTS = YES;
				CLANG_WARN_EMPTY_BODY = YES;
				CLANG_WARN_ENUM_CONVERSION = YES;
				CLANG_WARN_INFINITE_RECURSION = YES;
				CLANG_WARN_INT_CONVERSION = YES;
				CLANG_WARN_NON_LITERAL_NULL_CONVERSION = YES;
				CLANG_WARN_OBJC_IMPLICIT_RETAIN_SELF = YES;
				CLANG_WARN_OBJC_LITERAL_CONVERSION = YES;
				CLANG_WARN_OBJC_ROOT_CLASS = YES_ERROR;
				CLANG_WARN_QUOTED_INCLUDE_IN_FRAMEWORK_HEADER = YES;
				CLANG_WARN_RANGE_LOOP_ANALYSIS = YES;
				CLANG_WARN_STRICT_PROTOTYPES = YES;
				CLANG_WARN_SUSPICIOUS_MOVE = YES;
				CLANG_WARN_UNGUARDED_AVAILABILITY = YES_AGGRESSIVE;
				CLANG_WARN_UNREACHABLE_CODE = YES;
				CLANG_WARN__DUPLICATE_METHOD_MATCH = YES;
				COPY_PHASE_STRIP = NO;
				DEBUG_INFORMATION_FORMAT = dwarf;
				ENABLE_STRICT_OBJC_MSGSEND = YES;
				ENABLE_TESTABILITY = YES;
				ENABLE_USER_SCRIPT_SANDBOXING = YES;
				GCC_C_LANGUAGE_STANDARD = gnu11;
				GCC_DYNAMIC_NO_PIC = NO;
				GCC_NO_COMMON_BLOCKS = YES;
				GCC_OPTIMIZATION_LEVEL = 0;
				GCC_PREPROCESSOR_DEFINITIONS = (
					"DEBUG=1",
					"$(inherited)",
				);
				GCC_WARN_64_TO_32_BIT_CONVERSION = YES;
				GCC_WARN_ABOUT_RETURN_TYPE = YES_ERROR;
				GCC_WARN_UNDECLARED_SELECTOR = YES;
				GCC_WARN_UNINITIALIZED_AUTOS = YES_AGGRESSIVE;
				GCC_WARN_UNUSED_FUNCTION = YES;
				GCC_WARN_UNUSED_VARIABLE = YES;
				IPHONEOS_DEPLOYMENT_TARGET = 15.2;
				MTL_ENABLE_DEBUG_INFO = INCLUDE_SOURCE;
				MTL_FAST_MATH = YES;
				ONLY_ACTIVE_ARCH = YES;
				SDKROOT = iphoneos;
				SWIFT_ACTIVE_COMPILATION_CONDITIONS = DEBUG;
				SWIFT_OPTIMIZATION_LEVEL = "-Onone";
			};
			name = Debug;
		};
		53DD668F2B19B46000495DA3 /* Release */ = {
			isa = XCBuildConfiguration;
			buildSettings = {
				ALWAYS_SEARCH_USER_PATHS = NO;
				CLANG_ANALYZER_NONNULL = YES;
				CLANG_ANALYZER_NUMBER_OBJECT_CONVERSION = YES_AGGRESSIVE;
				CLANG_CXX_LANGUAGE_STANDARD = "gnu++17";
				CLANG_CXX_LIBRARY = "libc++";
				CLANG_ENABLE_MODULES = YES;
				CLANG_ENABLE_OBJC_ARC = YES;
				CLANG_ENABLE_OBJC_WEAK = YES;
				CLANG_WARN_BLOCK_CAPTURE_AUTORELEASING = YES;
				CLANG_WARN_BOOL_CONVERSION = YES;
				CLANG_WARN_COMMA = YES;
				CLANG_WARN_CONSTANT_CONVERSION = YES;
				CLANG_WARN_DEPRECATED_OBJC_IMPLEMENTATIONS = YES;
				CLANG_WARN_DIRECT_OBJC_ISA_USAGE = YES_ERROR;
				CLANG_WARN_DOCUMENTATION_COMMENTS = YES;
				CLANG_WARN_EMPTY_BODY = YES;
				CLANG_WARN_ENUM_CONVERSION = YES;
				CLANG_WARN_INFINITE_RECURSION = YES;
				CLANG_WARN_INT_CONVERSION = YES;
				CLANG_WARN_NON_LITERAL_NULL_CONVERSION = YES;
				CLANG_WARN_OBJC_IMPLICIT_RETAIN_SELF = YES;
				CLANG_WARN_OBJC_LITERAL_CONVERSION = YES;
				CLANG_WARN_OBJC_ROOT_CLASS = YES_ERROR;
				CLANG_WARN_QUOTED_INCLUDE_IN_FRAMEWORK_HEADER = YES;
				CLANG_WARN_RANGE_LOOP_ANALYSIS = YES;
				CLANG_WARN_STRICT_PROTOTYPES = YES;
				CLANG_WARN_SUSPICIOUS_MOVE = YES;
				CLANG_WARN_UNGUARDED_AVAILABILITY = YES_AGGRESSIVE;
				CLANG_WARN_UNREACHABLE_CODE = YES;
				CLANG_WARN__DUPLICATE_METHOD_MATCH = YES;
				COPY_PHASE_STRIP = NO;
				DEBUG_INFORMATION_FORMAT = "dwarf-with-dsym";
				ENABLE_NS_ASSERTIONS = NO;
				ENABLE_STRICT_OBJC_MSGSEND = YES;
				ENABLE_USER_SCRIPT_SANDBOXING = YES;
				GCC_C_LANGUAGE_STANDARD = gnu11;
				GCC_NO_COMMON_BLOCKS = YES;
				GCC_WARN_64_TO_32_BIT_CONVERSION = YES;
				GCC_WARN_ABOUT_RETURN_TYPE = YES_ERROR;
				GCC_WARN_UNDECLARED_SELECTOR = YES;
				GCC_WARN_UNINITIALIZED_AUTOS = YES_AGGRESSIVE;
				GCC_WARN_UNUSED_FUNCTION = YES;
				GCC_WARN_UNUSED_VARIABLE = YES;
				IPHONEOS_DEPLOYMENT_TARGET = 15.2;
				MTL_ENABLE_DEBUG_INFO = NO;
				MTL_FAST_MATH = YES;
				SDKROOT = iphoneos;
				SWIFT_COMPILATION_MODE = wholemodule;
				SWIFT_OPTIMIZATION_LEVEL = "-O";
				VALIDATE_PRODUCT = YES;
			};
			name = Release;
		};
		53DD66912B19B46000495DA3 /* Debug */ = {
			isa = XCBuildConfiguration;
			buildSettings = {
				ASSETCATALOG_COMPILER_APPICON_NAME = AppIcon;
				ASSETCATALOG_COMPILER_GLOBAL_ACCENT_COLOR_NAME = AccentColor;
				CODE_SIGN_STYLE = Automatic;
				CURRENT_PROJECT_VERSION = 1;
				DEVELOPMENT_TEAM = MVJ86Q9VWR;
				GENERATE_INFOPLIST_FILE = YES;
				INFOPLIST_FILE = RickMorthy/Info.plist;
				INFOPLIST_KEY_UIApplicationSupportsIndirectInputEvents = YES;
				INFOPLIST_KEY_UILaunchStoryboardName = LaunchScreen;
				INFOPLIST_KEY_UISupportedInterfaceOrientations_iPad = "UIInterfaceOrientationPortrait UIInterfaceOrientationPortraitUpsideDown UIInterfaceOrientationLandscapeLeft UIInterfaceOrientationLandscapeRight";
				INFOPLIST_KEY_UISupportedInterfaceOrientations_iPhone = "UIInterfaceOrientationPortrait UIInterfaceOrientationLandscapeLeft UIInterfaceOrientationLandscapeRight";
				LD_RUNPATH_SEARCH_PATHS = (
					"$(inherited)",
					"@executable_path/Frameworks",
				);
				MARKETING_VERSION = 1.0;
				PRODUCT_BUNDLE_IDENTIFIER = com.deniskozlov.RickMorthy;
				PRODUCT_NAME = "$(TARGET_NAME)";
				SWIFT_EMIT_LOC_STRINGS = YES;
				SWIFT_VERSION = 5.0;
				TARGETED_DEVICE_FAMILY = "1,2";
			};
			name = Debug;
		};
		53DD66922B19B46000495DA3 /* Release */ = {
			isa = XCBuildConfiguration;
			buildSettings = {
				ASSETCATALOG_COMPILER_APPICON_NAME = AppIcon;
				ASSETCATALOG_COMPILER_GLOBAL_ACCENT_COLOR_NAME = AccentColor;
				CODE_SIGN_STYLE = Automatic;
				CURRENT_PROJECT_VERSION = 1;
				DEVELOPMENT_TEAM = MVJ86Q9VWR;
				GENERATE_INFOPLIST_FILE = YES;
				INFOPLIST_FILE = RickMorthy/Info.plist;
				INFOPLIST_KEY_UIApplicationSupportsIndirectInputEvents = YES;
				INFOPLIST_KEY_UILaunchStoryboardName = LaunchScreen;
				INFOPLIST_KEY_UISupportedInterfaceOrientations_iPad = "UIInterfaceOrientationPortrait UIInterfaceOrientationPortraitUpsideDown UIInterfaceOrientationLandscapeLeft UIInterfaceOrientationLandscapeRight";
				INFOPLIST_KEY_UISupportedInterfaceOrientations_iPhone = "UIInterfaceOrientationPortrait UIInterfaceOrientationLandscapeLeft UIInterfaceOrientationLandscapeRight";
				LD_RUNPATH_SEARCH_PATHS = (
					"$(inherited)",
					"@executable_path/Frameworks",
				);
				MARKETING_VERSION = 1.0;
				PRODUCT_BUNDLE_IDENTIFIER = com.deniskozlov.RickMorthy;
				PRODUCT_NAME = "$(TARGET_NAME)";
				SWIFT_EMIT_LOC_STRINGS = YES;
				SWIFT_VERSION = 5.0;
				TARGETED_DEVICE_FAMILY = "1,2";
			};
			name = Release;
		};
/* End XCBuildConfiguration section */

/* Begin XCConfigurationList section */
		53DD66742B19B45700495DA3 /* Build configuration list for PBXProject "RickMorthy" */ = {
			isa = XCConfigurationList;
			buildConfigurations = (
				53DD668E2B19B46000495DA3 /* Debug */,
				53DD668F2B19B46000495DA3 /* Release */,
			);
			defaultConfigurationIsVisible = 0;
			defaultConfigurationName = Release;
		};
		53DD66902B19B46000495DA3 /* Build configuration list for PBXNativeTarget "RickMorthy" */ = {
			isa = XCConfigurationList;
			buildConfigurations = (
				53DD66912B19B46000495DA3 /* Debug */,
				53DD66922B19B46000495DA3 /* Release */,
			);
			defaultConfigurationIsVisible = 0;
			defaultConfigurationName = Release;
		};
/* End XCConfigurationList section */

/* Begin XCVersionGroup section */
		53DD66852B19B45800495DA3 /* RickMorthy.xcdatamodeld */ = {
			isa = XCVersionGroup;
			children = (
				53DD66862B19B45800495DA3 /* RickMorthy.xcdatamodel */,
			);
			currentVersion = 53DD66862B19B45800495DA3 /* RickMorthy.xcdatamodel */;
			path = RickMorthy.xcdatamodeld;
			sourceTree = "<group>";
			versionGroupType = wrapper.xcdatamodel;
		};
/* End XCVersionGroup section */
	};
	rootObject = 53DD66712B19B45700495DA3 /* Project object */;
}
